
Microsoft Visual Studio Solution File, Format Version 12.00
# Visual Studio 15
VisualStudioVersion = 15.0.27428.2043
MinimumVisualStudioVersion = 10.0.40219.1
Project("{FAE04EC0-301F-11D3-BF4B-00C04F79EFBC}") = "DemoMenuMasterDetail.Android", "DemoMenuMasterDetail\DemoMenuMasterDetail.Android\DemoMenuMasterDetail.Android.csproj", "{944F3619-9E94-41F4-BCFB-2B7EEA78DB5D}"
EndProject
Project("{FAE04EC0-301F-11D3-BF4B-00C04F79EFBC}") = "DemoMenuMasterDetail.iOS", "DemoMenuMasterDetail\DemoMenuMasterDetail.iOS\DemoMenuMasterDetail.iOS.csproj", "{C43275EC-6C9C-4670-AD3E-0476A60E0E5C}"
EndProject
Project("{FAE04EC0-301F-11D3-BF4B-00C04F79EFBC}") = "DemoMenuMasterDetail", "DemoMenuMasterDetail\DemoMenuMasterDetail\DemoMenuMasterDetail.csproj", "{1542E7FB-39B5-4419-88BC-5A15670C5E25}"
EndProject
Global
	GlobalSection(SolutionConfigurationPlatforms) = preSolution
		Ad-Hoc|Any CPU = Ad-Hoc|Any CPU
		Ad-Hoc|iPhone = Ad-Hoc|iPhone
		Ad-Hoc|iPhoneSimulator = Ad-Hoc|iPhoneSimulator
		AppStore|Any CPU = AppStore|Any CPU
		AppStore|iPhone = AppStore|iPhone
		AppStore|iPhoneSimulator = AppStore|iPhoneSimulator
		Debug|Any CPU = Debug|Any CPU
		Debug|iPhone = Debug|iPhone
		Debug|iPhoneSimulator = Debug|iPhoneSimulator
		Release|Any CPU = Release|Any CPU
		Release|iPhone = Release|iPhone
		Release|iPhoneSimulator = Release|iPhoneSimulator
	EndGlobalSection
	GlobalSection(ProjectConfigurationPlatforms) = postSolution
		{944F3619-9E94-41F4-BCFB-2B7EEA78DB5D}.Ad-Hoc|Any CPU.ActiveCfg = Release|Any CPU
		{944F3619-9E94-41F4-BCFB-2B7EEA78DB5D}.Ad-Hoc|Any CPU.Build.0 = Release|Any CPU
		{944F3619-9E94-41F4-BCFB-2B7EEA78DB5D}.Ad-Hoc|Any CPU.Deploy.0 = Release|Any CPU
		{944F3619-9E94-41F4-BCFB-2B7EEA78DB5D}.Ad-Hoc|iPhone.ActiveCfg = Release|Any CPU
		{944F3619-9E94-41F4-BCFB-2B7EEA78DB5D}.Ad-Hoc|iPhone.Build.0 = Release|Any CPU
		{944F3619-9E94-41F4-BCFB-2B7EEA78DB5D}.Ad-Hoc|iPhone.Deploy.0 = Release|Any CPU
		{944F3619-9E94-41F4-BCFB-2B7EEA78DB5D}.Ad-Hoc|iPhoneSimulator.ActiveCfg = Release|Any CPU
		{944F3619-9E94-41F4-BCFB-2B7EEA78DB5D}.Ad-Hoc|iPhoneSimulator.Build.0 = Release|Any CPU
		{944F3619-9E94-41F4-BCFB-2B7EEA78DB5D}.Ad-Hoc|iPhoneSimulator.Deploy.0 = Release|Any CPU
		{944F3619-9E94-41F4-BCFB-2B7EEA78DB5D}.AppStore|Any CPU.ActiveCfg = Release|Any CPU
		{944F3619-9E94-41F4-BCFB-2B7EEA78DB5D}.AppStore|Any CPU.Build.0 = Release|Any CPU
		{944F3619-9E94-41F4-BCFB-2B7EEA78DB5D}.AppStore|Any CPU.Deploy.0 = Release|Any CPU
		{944F3619-9E94-41F4-BCFB-2B7EEA78DB5D}.AppStore|iPhone.ActiveCfg = Release|Any CPU
		{944F3619-9E94-41F4-BCFB-2B7EEA78DB5D}.AppStore|iPhone.Build.0 = Release|Any CPU
		{944F3619-9E94-41F4-BCFB-2B7EEA78DB5D}.AppStore|iPhone.Deploy.0 = Release|Any CPU
		{944F3619-9E94-41F4-BCFB-2B7EEA78DB5D}.AppStore|iPhoneSimulator.ActiveCfg = Release|Any CPU
		{944F3619-9E94-41F4-BCFB-2B7EEA78DB5D}.AppStore|iPhoneSimulator.Build.0 = Release|Any CPU
		{944F3619-9E94-41F4-BCFB-2B7EEA78DB5D}.AppStore|iPhoneSimulator.Deploy.0 = Release|Any CPU
		{944F3619-9E94-41F4-BCFB-2B7EEA78DB5D}.Debug|Any CPU.ActiveCfg = Debug|Any CPU
		{944F3619-9E94-41F4-BCFB-2B7EEA78DB5D}.Debug|Any CPU.Build.0 = Debug|Any CPU
		{944F3619-9E94-41F4-BCFB-2B7EEA78DB5D}.Debug|Any CPU.Deploy.0 = Debug|Any CPU
		{944F3619-9E94-41F4-BCFB-2B7EEA78DB5D}.Debug|iPhone.ActiveCfg = Debug|Any CPU
		{944F3619-9E94-41F4-BCFB-2B7EEA78DB5D}.Debug|iPhone.Build.0 = Debug|Any CPU
		{944F3619-9E94-41F4-BCFB-2B7EEA78DB5D}.Debug|iPhone.Deploy.0 = Debug|Any CPU
		{944F3619-9E94-41F4-BCFB-2B7EEA78DB5D}.Debug|iPhoneSimulator.ActiveCfg = Debug|Any CPU
		{944F3619-9E94-41F4-BCFB-2B7EEA78DB5D}.Debug|iPhoneSimulator.Build.0 = Debug|Any CPU
		{944F3619-9E94-41F4-BCFB-2B7EEA78DB5D}.Debug|iPhoneSimulator.Deploy.0 = Debug|Any CPU
		{944F3619-9E94-41F4-BCFB-2B7EEA78DB5D}.Release|Any CPU.ActiveCfg = Release|Any CPU
		{944F3619-9E94-41F4-BCFB-2B7EEA78DB5D}.Release|Any CPU.Build.0 = Release|Any CPU
		{944F3619-9E94-41F4-BCFB-2B7EEA78DB5D}.Release|Any CPU.Deploy.0 = Release|Any CPU
		{944F3619-9E94-41F4-BCFB-2B7EEA78DB5D}.Release|iPhone.ActiveCfg = Release|Any CPU
		{944F3619-9E94-41F4-BCFB-2B7EEA78DB5D}.Release|iPhone.Build.0 = Release|Any CPU
		{944F3619-9E94-41F4-BCFB-2B7EEA78DB5D}.Release|iPhone.Deploy.0 = Release|Any CPU
		{944F3619-9E94-41F4-BCFB-2B7EEA78DB5D}.Release|iPhoneSimulator.ActiveCfg = Release|Any CPU
		{944F3619-9E94-41F4-BCFB-2B7EEA78DB5D}.Release|iPhoneSimulator.Build.0 = Release|Any CPU
		{944F3619-9E94-41F4-BCFB-2B7EEA78DB5D}.Release|iPhoneSimulator.Deploy.0 = Release|Any CPU
		{C43275EC-6C9C-4670-AD3E-0476A60E0E5C}.Ad-Hoc|Any CPU.ActiveCfg = Ad-Hoc|iPhone
		{C43275EC-6C9C-4670-AD3E-0476A60E0E5C}.Ad-Hoc|iPhone.ActiveCfg = Ad-Hoc|iPhone
		{C43275EC-6C9C-4670-AD3E-0476A60E0E5C}.Ad-Hoc|iPhone.Build.0 = Ad-Hoc|iPhone
		{C43275EC-6C9C-4670-AD3E-0476A60E0E5C}.Ad-Hoc|iPhoneSimulator.ActiveCfg = Ad-Hoc|iPhoneSimulator
		{C43275EC-6C9C-4670-AD3E-0476A60E0E5C}.Ad-Hoc|iPhoneSimulator.Build.0 = Ad-Hoc|iPhoneSimulator
		{C43275EC-6C9C-4670-AD3E-0476A60E0E5C}.AppStore|Any CPU.ActiveCfg = AppStore|iPhone
		{C43275EC-6C9C-4670-AD3E-0476A60E0E5C}.AppStore|iPhone.ActiveCfg = AppStore|iPhone
		{C43275EC-6C9C-4670-AD3E-0476A60E0E5C}.AppStore|iPhone.Build.0 = AppStore|iPhone
		{C43275EC-6C9C-4670-AD3E-0476A60E0E5C}.AppStore|iPhoneSimulator.ActiveCfg = AppStore|iPhoneSimulator
		{C43275EC-6C9C-4670-AD3E-0476A60E0E5C}.AppStore|iPhoneSimulator.Build.0 = AppStore|iPhoneSimulator
		{C43275EC-6C9C-4670-AD3E-0476A60E0E5C}.Debug|Any CPU.ActiveCfg = Debug|iPhone
		{C43275EC-6C9C-4670-AD3E-0476A60E0E5C}.Debug|iPhone.ActiveCfg = Debug|iPhone
		{C43275EC-6C9C-4670-AD3E-0476A60E0E5C}.Debug|iPhone.Build.0 = Debug|iPhone
		{C43275EC-6C9C-4670-AD3E-0476A60E0E5C}.Debug|iPhoneSimulator.ActiveCfg = Debug|iPhoneSimulator
		{C43275EC-6C9C-4670-AD3E-0476A60E0E5C}.Debug|iPhoneSimulator.Build.0 = Debug|iPhoneSimulator
		{C43275EC-6C9C-4670-AD3E-0476A60E0E5C}.Release|Any CPU.ActiveCfg = Release|iPhone
		{C43275EC-6C9C-4670-AD3E-0476A60E0E5C}.Release|iPhone.ActiveCfg = Release|iPhone
		{C43275EC-6C9C-4670-AD3E-0476A60E0E5C}.Release|iPhone.Build.0 = Release|iPhone
		{C43275EC-6C9C-4670-AD3E-0476A60E0E5C}.Release|iPhoneSimulator.ActiveCfg = Release|iPhoneSimulator
		{C43275EC-6C9C-4670-AD3E-0476A60E0E5C}.Release|iPhoneSimulator.Build.0 = Release|iPhoneSimulator
		{1542E7FB-39B5-4419-88BC-5A15670C5E25}.Ad-Hoc|Any CPU.ActiveCfg = Debug|Any CPU
		{1542E7FB-39B5-4419-88BC-5A15670C5E25}.Ad-Hoc|Any CPU.Build.0 = Debug|Any CPU
		{1542E7FB-39B5-4419-88BC-5A15670C5E25}.Ad-Hoc|iPhone.ActiveCfg = Debug|Any CPU
		{1542E7FB-39B5-4419-88BC-5A15670C5E25}.Ad-Hoc|iPhone.Build.0 = Debug|Any CPU
		{1542E7FB-39B5-4419-88BC-5A15670C5E25}.Ad-Hoc|iPhoneSimulator.ActiveCfg = Debug|Any CPU
		{1542E7FB-39B5-4419-88BC-5A15670C5E25}.Ad-Hoc|iPhoneSimulator.Build.0 = Debug|Any CPU
		{1542E7FB-39B5-4419-88BC-5A15670C5E25}.AppStore|Any CPU.ActiveCfg = Debug|Any CPU
		{1542E7FB-39B5-4419-88BC-5A15670C5E25}.AppStore|Any CPU.Build.0 = Debug|Any CPU
		{1542E7FB-39B5-4419-88BC-5A15670C5E25}.AppStore|iPhone.ActiveCfg = Debug|Any CPU
		{1542E7FB-39B5-4419-88BC-5A15670C5E25}.AppStore|iPhone.Build.0 = Debug|Any CPU
		{1542E7FB-39B5-4419-88BC-5A15670C5E25}.AppStore|iPhoneSimulator.ActiveCfg = Debug|Any CPU
		{1542E7FB-39B5-4419-88BC-5A15670C5E25}.AppStore|iPhoneSimulator.Build.0 = Debug|Any CPU
		{1542E7FB-39B5-4419-88BC-5A15670C5E25}.Debug|Any CPU.ActiveCfg = Debug|Any CPU
		{1542E7FB-39B5-4419-88BC-5A15670C5E25}.Debug|Any CPU.Build.0 = Debug|Any CPU
		{1542E7FB-39B5-4419-88BC-5A15670C5E25}.Debug|iPhone.ActiveCfg = Debug|Any CPU
		{1542E7FB-39B5-4419-88BC-5A15670C5E25}.Debug|iPhone.Build.0 = Debug|Any CPU
		{1542E7FB-39B5-4419-88BC-5A15670C5E25}.Debug|iPhoneSimulator.ActiveCfg = Debug|Any CPU
		{1542E7FB-39B5-4419-88BC-5A15670C5E25}.Debug|iPhoneSimulator.Build.0 = Debug|Any CPU
		{1542E7FB-39B5-4419-88BC-5A15670C5E25}.Release|Any CPU.ActiveCfg = Release|Any CPU
		{1542E7FB-39B5-4419-88BC-5A15670C5E25}.Release|Any CPU.Build.0 = Release|Any CPU
		{1542E7FB-39B5-4419-88BC-5A15670C5E25}.Release|iPhone.ActiveCfg = Release|Any CPU
		{1542E7FB-39B5-4419-88BC-5A15670C5E25}.Release|iPhone.Build.0 = Release|Any CPU
		{1542E7FB-39B5-4419-88BC-5A15670C5E25}.Release|iPhoneSimulator.ActiveCfg = Release|Any CPU
		{1542E7FB-39B5-4419-88BC-5A15670C5E25}.Release|iPhoneSimulator.Build.0 = Release|Any CPU
	EndGlobalSection
	GlobalSection(SolutionProperties) = preSolution
		HideSolutionNode = FALSE
	EndGlobalSection
	GlobalSection(ExtensibilityGlobals) = postSolution
		SolutionGuid = {BE96999D-0FA4-4791-B77C-B75E03F29EED}
	EndGlobalSection
EndGlobal
